
Microsoft Visual Studio Solution File, Format Version 12.00
# Visual Studio Version 17
VisualStudioVersion = 17.4.33110.190
MinimumVisualStudioVersion = 10.0.40219.1
Project("{9A19103F-16F7-4668-BE54-9A1E7A4F7556}") = "PointsCalculator.Domain", "PointsCalculator.Domain\PointsCalculator.Domain.csproj", "{F5B6AECE-532C-4FF6-92B2-3AD7FFE1D01F}"
EndProject
Project("{9A19103F-16F7-4668-BE54-9A1E7A4F7556}") = "PointsCalculator.Application", "PointsCalculator.Application\PointsCalculator.Application.csproj", "{F64BEFDE-6600-4B49-89FD-CBFDA1A6D3F1}"
EndProject
Project("{9A19103F-16F7-4668-BE54-9A1E7A4F7556}") = "PointsCalculator.Infrastructure", "PointsCalculator.Infrastructure\PointsCalculator.Infrastructure.csproj", "{5CD851A2-9822-46C6-9B0A-0E0F36A5D56D}"
EndProject
Project("{9A19103F-16F7-4668-BE54-9A1E7A4F7556}") = "PointsCalculator.Api", "PointsCalculator.Api\PointsCalculator.Api.csproj", "{E4ED11CB-E627-49ED-95D0-F7B2777DB858}"
EndProject
Project("{FAE04EC0-301F-11D3-BF4B-00C04F79EFBC}") = "PointsCalculator.Infrastructure.Persistence", "PointsCalculator.Infrastructure.Persistence\PointsCalculator.Infrastructure.Persistence.csproj", "{7004901E-C380-44C1-846B-8EC5EF0A7BB8}"
EndProject
Project("{FAE04EC0-301F-11D3-BF4B-00C04F79EFBC}") = "PointsCalculator.UnitTest", "PointsCalculator.UnitTest\PointsCalculator.UnitTest.csproj", "{03759562-1D3E-4797-BB4D-9126B083F3E5}"
EndProject
Project("{2150E333-8FDC-42A3-9474-1A3956D46DE8}") = "Src", "Src", "{B6F9FA1D-117F-43A1-AFD2-C36734DD7AB6}"
EndProject
Project("{2150E333-8FDC-42A3-9474-1A3956D46DE8}") = "Test", "Test", "{63EAC535-E42B-4903-9FDA-1EA4ACEC510A}"
EndProject
Project("{2150E333-8FDC-42A3-9474-1A3956D46DE8}") = "Core", "Core", "{0D633E0B-07A1-482F-9AE5-442498B18954}"
EndProject
Project("{2150E333-8FDC-42A3-9474-1A3956D46DE8}") = "Infrastructure", "Infrastructure", "{3BD6650C-FDAE-4E6D-998A-4B998D4D9824}"
EndProject
Project("{2150E333-8FDC-42A3-9474-1A3956D46DE8}") = "Presentation", "Presentation", "{D0CC4D31-5487-4E55-9E9A-6B50B784663A}"
EndProject
Global
	GlobalSection(SolutionConfigurationPlatforms) = preSolution
		Debug|Any CPU = Debug|Any CPU
		Release|Any CPU = Release|Any CPU
	EndGlobalSection
	GlobalSection(ProjectConfigurationPlatforms) = postSolution
		{F5B6AECE-532C-4FF6-92B2-3AD7FFE1D01F}.Debug|Any CPU.ActiveCfg = Debug|Any CPU
		{F5B6AECE-532C-4FF6-92B2-3AD7FFE1D01F}.Debug|Any CPU.Build.0 = Debug|Any CPU
		{F5B6AECE-532C-4FF6-92B2-3AD7FFE1D01F}.Release|Any CPU.ActiveCfg = Release|Any CPU
		{F5B6AECE-532C-4FF6-92B2-3AD7FFE1D01F}.Release|Any CPU.Build.0 = Release|Any CPU
		{F64BEFDE-6600-4B49-89FD-CBFDA1A6D3F1}.Debug|Any CPU.ActiveCfg = Debug|Any CPU
		{F64BEFDE-6600-4B49-89FD-CBFDA1A6D3F1}.Debug|Any CPU.Build.0 = Debug|Any CPU
		{F64BEFDE-6600-4B49-89FD-CBFDA1A6D3F1}.Release|Any CPU.ActiveCfg = Release|Any CPU
		{F64BEFDE-6600-4B49-89FD-CBFDA1A6D3F1}.Release|Any CPU.Build.0 = Release|Any CPU
		{5CD851A2-9822-46C6-9B0A-0E0F36A5D56D}.Debug|Any CPU.ActiveCfg = Debug|Any CPU
		{5CD851A2-9822-46C6-9B0A-0E0F36A5D56D}.Debug|Any CPU.Build.0 = Debug|Any CPU
		{5CD851A2-9822-46C6-9B0A-0E0F36A5D56D}.Release|Any CPU.ActiveCfg = Release|Any CPU
		{5CD851A2-9822-46C6-9B0A-0E0F36A5D56D}.Release|Any CPU.Build.0 = Release|Any CPU
		{E4ED11CB-E627-49ED-95D0-F7B2777DB858}.Debug|Any CPU.ActiveCfg = Debug|Any CPU
		{E4ED11CB-E627-49ED-95D0-F7B2777DB858}.Debug|Any CPU.Build.0 = Debug|Any CPU
		{E4ED11CB-E627-49ED-95D0-F7B2777DB858}.Release|Any CPU.ActiveCfg = Release|Any CPU
		{E4ED11CB-E627-49ED-95D0-F7B2777DB858}.Release|Any CPU.Build.0 = Release|Any CPU
		{7004901E-C380-44C1-846B-8EC5EF0A7BB8}.Debug|Any CPU.ActiveCfg = Debug|Any CPU
		{7004901E-C380-44C1-846B-8EC5EF0A7BB8}.Debug|Any CPU.Build.0 = Debug|Any CPU
		{7004901E-C380-44C1-846B-8EC5EF0A7BB8}.Release|Any CPU.ActiveCfg = Release|Any CPU
		{7004901E-C380-44C1-846B-8EC5EF0A7BB8}.Release|Any CPU.Build.0 = Release|Any CPU
		{03759562-1D3E-4797-BB4D-9126B083F3E5}.Debug|Any CPU.ActiveCfg = Debug|Any CPU
		{03759562-1D3E-4797-BB4D-9126B083F3E5}.Debug|Any CPU.Build.0 = Debug|Any CPU
		{03759562-1D3E-4797-BB4D-9126B083F3E5}.Release|Any CPU.ActiveCfg = Release|Any CPU
		{03759562-1D3E-4797-BB4D-9126B083F3E5}.Release|Any CPU.Build.0 = Release|Any CPU
	EndGlobalSection
	GlobalSection(SolutionProperties) = preSolution
		HideSolutionNode = FALSE
	EndGlobalSection
	GlobalSection(NestedProjects) = preSolution
		{F5B6AECE-532C-4FF6-92B2-3AD7FFE1D01F} = {0D633E0B-07A1-482F-9AE5-442498B18954}
		{F64BEFDE-6600-4B49-89FD-CBFDA1A6D3F1} = {0D633E0B-07A1-482F-9AE5-442498B18954}
		{5CD851A2-9822-46C6-9B0A-0E0F36A5D56D} = {3BD6650C-FDAE-4E6D-998A-4B998D4D9824}
		{E4ED11CB-E627-49ED-95D0-F7B2777DB858} = {D0CC4D31-5487-4E55-9E9A-6B50B784663A}
		{7004901E-C380-44C1-846B-8EC5EF0A7BB8} = {3BD6650C-FDAE-4E6D-998A-4B998D4D9824}
		{03759562-1D3E-4797-BB4D-9126B083F3E5} = {63EAC535-E42B-4903-9FDA-1EA4ACEC510A}
		{0D633E0B-07A1-482F-9AE5-442498B18954} = {B6F9FA1D-117F-43A1-AFD2-C36734DD7AB6}
		{3BD6650C-FDAE-4E6D-998A-4B998D4D9824} = {B6F9FA1D-117F-43A1-AFD2-C36734DD7AB6}
		{D0CC4D31-5487-4E55-9E9A-6B50B784663A} = {B6F9FA1D-117F-43A1-AFD2-C36734DD7AB6}
	EndGlobalSection
	GlobalSection(ExtensibilityGlobals) = postSolution
		SolutionGuid = {572E7E49-25BB-4C44-95DE-450DC971B457}
	EndGlobalSection
EndGlobal
